
Microsoft Visual Studio Solution File, Format Version 12.00
# Visual Studio Version 16
VisualStudioVersion = 25.0.1706.6
MinimumVisualStudioVersion = 10.0.40219.1
Project("{FAE04EC0-301F-11D3-BF4B-00C04F79EFBC}") = "Zadaca1", "Zadaca1\Zadaca1.csproj", "{C13FDBB4-046A-422F-B718-9B6225563B93}"
EndProject
Global
	GlobalSection(SolutionConfigurationPlatforms) = preSolution
		Debug|Any CPU = Debug|Any CPU
		Release|Any CPU = Release|Any CPU
	EndGlobalSection
	GlobalSection(ProjectConfigurationPlatforms) = postSolution
		{C13FDBB4-046A-422F-B718-9B6225563B93}.Debug|Any CPU.ActiveCfg = Debug|Any CPU
		{C13FDBB4-046A-422F-B718-9B6225563B93}.Debug|Any CPU.Build.0 = Debug|Any CPU
		{C13FDBB4-046A-422F-B718-9B6225563B93}.Release|Any CPU.ActiveCfg = Release|Any CPU
		{C13FDBB4-046A-422F-B718-9B6225563B93}.Release|Any CPU.Build.0 = Release|Any CPU
	EndGlobalSection
	GlobalSection(SolutionProperties) = preSolution
		HideSolutionNode = FALSE
	EndGlobalSection
	GlobalSection(ExtensibilityGlobals) = postSolution
		SolutionGuid = {C2D57DE0-B22A-4833-B319-3A5D396ED2A1}
	EndGlobalSection
EndGlobal
